
Microsoft Visual Studio Solution File, Format Version 12.00
# Visual Studio Version 17
VisualStudioVersion = 17.10.35027.167
MinimumVisualStudioVersion = 10.0.40219.1
Project("{FAE04EC0-301F-11D3-BF4B-00C04F79EFBC}") = "AnimeVoices", "AnimeVoices.csproj", "{06B736F6-3C1D-4C48-9470-74C776FF3410}"
EndProject
Global
	GlobalSection(SolutionConfigurationPlatforms) = preSolution
		Debug|Any CPU = Debug|Any CPU
		Release|Any CPU = Release|Any CPU
	EndGlobalSection
	GlobalSection(ProjectConfigurationPlatforms) = postSolution
		{06B736F6-3C1D-4C48-9470-74C776FF3410}.Debug|Any CPU.ActiveCfg = Debug|Any CPU
		{06B736F6-3C1D-4C48-9470-74C776FF3410}.Debug|Any CPU.Build.0 = Debug|Any CPU
		{06B736F6-3C1D-4C48-9470-74C776FF3410}.Release|Any CPU.ActiveCfg = Release|Any CPU
		{06B736F6-3C1D-4C48-9470-74C776FF3410}.Release|Any CPU.Build.0 = Release|Any CPU
	EndGlobalSection
	GlobalSection(SolutionProperties) = preSolution
		HideSolutionNode = FALSE
	EndGlobalSection
	GlobalSection(ExtensibilityGlobals) = postSolution
		SolutionGuid = {5E548966-327D-4B88-9F1F-FF89859EC5FC}
	EndGlobalSection
EndGlobal
